// !$*UTF8*$!
{
	archiveVersion = 1;
	classes = {
	};
	objectVersion = 55;
	objects = {

/* Begin PBXBuildFile section */
		90D2F73D71492042BD843DC6 /* Pods_GitFeed_RxSwift.framework in Frameworks */ = {isa = PBXBuildFile; fileRef = 44B758F4E4FD2DF4AA0FB79E /* Pods_GitFeed_RxSwift.framework */; };
		98BC2B4B2C23A81900804C52 /* AppDelegate.swift in Sources */ = {isa = PBXBuildFile; fileRef = 98BC2B4A2C23A81900804C52 /* AppDelegate.swift */; };
		98BC2B4D2C23A81900804C52 /* SceneDelegate.swift in Sources */ = {isa = PBXBuildFile; fileRef = 98BC2B4C2C23A81900804C52 /* SceneDelegate.swift */; };
		98BC2B4F2C23A81900804C52 /* ViewController.swift in Sources */ = {isa = PBXBuildFile; fileRef = 98BC2B4E2C23A81900804C52 /* ViewController.swift */; };
		98BC2B522C23A81900804C52 /* Main.storyboard in Resources */ = {isa = PBXBuildFile; fileRef = 98BC2B502C23A81900804C52 /* Main.storyboard */; };
		98BC2B542C23A81A00804C52 /* Assets.xcassets in Resources */ = {isa = PBXBuildFile; fileRef = 98BC2B532C23A81A00804C52 /* Assets.xcassets */; };
		98BC2B572C23A81A00804C52 /* LaunchScreen.storyboard in Resources */ = {isa = PBXBuildFile; fileRef = 98BC2B552C23A81A00804C52 /* LaunchScreen.storyboard */; };
/* End PBXBuildFile section */

/* Begin PBXFileReference section */
		0A23731B6AB12E327FD6CE4C /* Pods-GitFeed-RxSwift.debug.xcconfig */ = {isa = PBXFileReference; includeInIndex = 1; lastKnownFileType = text.xcconfig; name = "Pods-GitFeed-RxSwift.debug.xcconfig"; path = "Target Support Files/Pods-GitFeed-RxSwift/Pods-GitFeed-RxSwift.debug.xcconfig"; sourceTree = "<group>"; };
		44B758F4E4FD2DF4AA0FB79E /* Pods_GitFeed_RxSwift.framework */ = {isa = PBXFileReference; explicitFileType = wrapper.framework; includeInIndex = 0; path = Pods_GitFeed_RxSwift.framework; sourceTree = BUILT_PRODUCTS_DIR; };
		88F3BE850D3927D1F715567D /* Pods-GitFeed-RxSwift.release.xcconfig */ = {isa = PBXFileReference; includeInIndex = 1; lastKnownFileType = text.xcconfig; name = "Pods-GitFeed-RxSwift.release.xcconfig"; path = "Target Support Files/Pods-GitFeed-RxSwift/Pods-GitFeed-RxSwift.release.xcconfig"; sourceTree = "<group>"; };
		98BC2B472C23A81900804C52 /* GitFeed-RxSwift.app */ = {isa = PBXFileReference; explicitFileType = wrapper.application; includeInIndex = 0; path = "GitFeed-RxSwift.app"; sourceTree = BUILT_PRODUCTS_DIR; };
		98BC2B4A2C23A81900804C52 /* AppDelegate.swift */ = {isa = PBXFileReference; lastKnownFileType = sourcecode.swift; path = AppDelegate.swift; sourceTree = "<group>"; };
		98BC2B4C2C23A81900804C52 /* SceneDelegate.swift */ = {isa = PBXFileReference; lastKnownFileType = sourcecode.swift; path = SceneDelegate.swift; sourceTree = "<group>"; };
		98BC2B4E2C23A81900804C52 /* ViewController.swift */ = {isa = PBXFileReference; lastKnownFileType = sourcecode.swift; path = ViewController.swift; sourceTree = "<group>"; };
		98BC2B512C23A81900804C52 /* Base */ = {isa = PBXFileReference; lastKnownFileType = file.storyboard; name = Base; path = Base.lproj/Main.storyboard; sourceTree = "<group>"; };
		98BC2B532C23A81A00804C52 /* Assets.xcassets */ = {isa = PBXFileReference; lastKnownFileType = folder.assetcatalog; path = Assets.xcassets; sourceTree = "<group>"; };
		98BC2B562C23A81A00804C52 /* Base */ = {isa = PBXFileReference; lastKnownFileType = file.storyboard; name = Base; path = Base.lproj/LaunchScreen.storyboard; sourceTree = "<group>"; };
		98BC2B582C23A81A00804C52 /* Info.plist */ = {isa = PBXFileReference; lastKnownFileType = text.plist.xml; path = Info.plist; sourceTree = "<group>"; };
/* End PBXFileReference section */

/* Begin PBXFrameworksBuildPhase section */
		98BC2B442C23A81900804C52 /* Frameworks */ = {
			isa = PBXFrameworksBuildPhase;
			buildActionMask = 2147483647;
			files = (
				90D2F73D71492042BD843DC6 /* Pods_GitFeed_RxSwift.framework in Frameworks */,
			);
			runOnlyForDeploymentPostprocessing = 0;
		};
/* End PBXFrameworksBuildPhase section */

/* Begin PBXGroup section */
		2347BB0014D784E814320FC3 /* Pods */ = {
			isa = PBXGroup;
			children = (
				0A23731B6AB12E327FD6CE4C /* Pods-GitFeed-RxSwift.debug.xcconfig */,
				88F3BE850D3927D1F715567D /* Pods-GitFeed-RxSwift.release.xcconfig */,
			);
			name = Pods;
			path = Pods;
			sourceTree = "<group>";
		};
		98BC2B3E2C23A81900804C52 = {
			isa = PBXGroup;
			children = (
				98BC2B492C23A81900804C52 /* GitFeed-RxSwift */,
				98BC2B482C23A81900804C52 /* Products */,
				2347BB0014D784E814320FC3 /* Pods */,
				BA5AA4CCC79C019ACC33A77A /* Frameworks */,
			);
			sourceTree = "<group>";
		};
		98BC2B482C23A81900804C52 /* Products */ = {
			isa = PBXGroup;
			children = (
				98BC2B472C23A81900804C52 /* GitFeed-RxSwift.app */,
			);
			name = Products;
			sourceTree = "<group>";
		};
		98BC2B492C23A81900804C52 /* GitFeed-RxSwift */ = {
			isa = PBXGroup;
			children = (
				98BC2B4A2C23A81900804C52 /* AppDelegate.swift */,
				98BC2B4C2C23A81900804C52 /* SceneDelegate.swift */,
				98BC2B4E2C23A81900804C52 /* ViewController.swift */,
				98BC2B5E2C23A8A400804C52 /* Assets */,
			);
			path = "GitFeed-RxSwift";
			sourceTree = "<group>";
		};
		98BC2B5E2C23A8A400804C52 /* Assets */ = {
			isa = PBXGroup;
			children = (
				98BC2B502C23A81900804C52 /* Main.storyboard */,
				98BC2B532C23A81A00804C52 /* Assets.xcassets */,
				98BC2B552C23A81A00804C52 /* LaunchScreen.storyboard */,
				98BC2B582C23A81A00804C52 /* Info.plist */,
			);
			name = Assets;
			sourceTree = "<group>";
		};
		BA5AA4CCC79C019ACC33A77A /* Frameworks */ = {
			isa = PBXGroup;
			children = (
				44B758F4E4FD2DF4AA0FB79E /* Pods_GitFeed_RxSwift.framework */,
			);
			name = Frameworks;
			sourceTree = "<group>";
		};
/* End PBXGroup section */

/* Begin PBXNativeTarget section */
		98BC2B462C23A81900804C52 /* GitFeed-RxSwift */ = {
			isa = PBXNativeTarget;
			buildConfigurationList = 98BC2B5B2C23A81A00804C52 /* Build configuration list for PBXNativeTarget "GitFeed-RxSwift" */;
			buildPhases = (
				38AD2F201917EC404F9735DE /* [CP] Check Pods Manifest.lock */,
				98BC2B432C23A81900804C52 /* Sources */,
				98BC2B442C23A81900804C52 /* Frameworks */,
				98BC2B452C23A81900804C52 /* Resources */,
				A7D419DEBC35AA0EB7B70A56 /* [CP] Embed Pods Frameworks */,
			);
			buildRules = (
			);
			dependencies = (
			);
			name = "GitFeed-RxSwift";
			productName = "GitFeed-RxSwift";
			productReference = 98BC2B472C23A81900804C52 /* GitFeed-RxSwift.app */;
			productType = "com.apple.product-type.application";
		};
/* End PBXNativeTarget section */

/* Begin PBXProject section */
		98BC2B3F2C23A81900804C52 /* Project object */ = {
			isa = PBXProject;
			attributes = {
				BuildIndependentTargetsInParallel = 1;
				LastSwiftUpdateCheck = 1320;
				LastUpgradeCheck = 1320;
				TargetAttributes = {
					98BC2B462C23A81900804C52 = {
						CreatedOnToolsVersion = 13.2.1;
					};
				};
			};
			buildConfigurationList = 98BC2B422C23A81900804C52 /* Build configuration list for PBXProject "GitFeed-RxSwift" */;
			compatibilityVersion = "Xcode 13.0";
			developmentRegion = en;
			hasScannedForEncodings = 0;
			knownRegions = (
				en,
				Base,
			);
			mainGroup = 98BC2B3E2C23A81900804C52;
			productRefGroup = 98BC2B482C23A81900804C52 /* Products */;
			projectDirPath = "";
			projectRoot = "";
			targets = (
				98BC2B462C23A81900804C52 /* GitFeed-RxSwift */,
			);
		};
/* End PBXProject section */

/* Begin PBXResourcesBuildPhase section */
		98BC2B452C23A81900804C52 /* Resources */ = {
			isa = PBXResourcesBuildPhase;
			buildActionMask = 2147483647;
			files = (
				98BC2B572C23A81A00804C52 /* LaunchScreen.storyboard in Resources */,
				98BC2B542C23A81A00804C52 /* Assets.xcassets in Resources */,
				98BC2B522C23A81900804C52 /* Main.storyboard in Resources */,
			);
			runOnlyForDeploymentPostprocessing = 0;
		};
/* End PBXResourcesBuildPhase section */

/* Begin PBXShellScriptBuildPhase section */
		38AD2F201917EC404F9735DE /* [CP] Check Pods Manifest.lock */ = {
			isa = PBXShellScriptBuildPhase;
			buildActionMask = 2147483647;
			files = (
			);
			inputFileListPaths = (
			);
			inputPaths = (
				"${PODS_PODFILE_DIR_PATH}/Podfile.lock",
				"${PODS_ROOT}/Manifest.lock",
			);
			name = "[CP] Check Pods Manifest.lock";
			outputFileListPaths = (
			);
			outputPaths = (
				"$(DERIVED_FILE_DIR)/Pods-GitFeed-RxSwift-checkManifestLockResult.txt",
			);
			runOnlyForDeploymentPostprocessing = 0;
			shellPath = /bin/sh;
			shellScript = "diff \"${PODS_PODFILE_DIR_PATH}/Podfile.lock\" \"${PODS_ROOT}/Manifest.lock\" > /dev/null\nif [ $? != 0 ] ; then\n    # print error to STDERR\n    echo \"error: The sandbox is not in sync with the Podfile.lock. Run 'pod install' or update your CocoaPods installation.\" >&2\n    exit 1\nfi\n# This output is used by Xcode 'outputs' to avoid re-running this script phase.\necho \"SUCCESS\" > \"${SCRIPT_OUTPUT_FILE_0}\"\n";
			showEnvVarsInLog = 0;
		};
		A7D419DEBC35AA0EB7B70A56 /* [CP] Embed Pods Frameworks */ = {
			isa = PBXShellScriptBuildPhase;
			buildActionMask = 2147483647;
			files = (
			);
			inputFileListPaths = (
				"${PODS_ROOT}/Target Support Files/Pods-GitFeed-RxSwift/Pods-GitFeed-RxSwift-frameworks-${CONFIGURATION}-input-files.xcfilelist",
			);
			name = "[CP] Embed Pods Frameworks";
			outputFileListPaths = (
				"${PODS_ROOT}/Target Support Files/Pods-GitFeed-RxSwift/Pods-GitFeed-RxSwift-frameworks-${CONFIGURATION}-output-files.xcfilelist",
			);
			runOnlyForDeploymentPostprocessing = 0;
			shellPath = /bin/sh;
			shellScript = "\"${PODS_ROOT}/Target Support Files/Pods-GitFeed-RxSwift/Pods-GitFeed-RxSwift-frameworks.sh\"\n";
			showEnvVarsInLog = 0;
		};
/* End PBXShellScriptBuildPhase section */

/* Begin PBXSourcesBuildPhase section */
		98BC2B432C23A81900804C52 /* Sources */ = {
			isa = PBXSourcesBuildPhase;
			buildActionMask = 2147483647;
			files = (
				98BC2B4F2C23A81900804C52 /* ViewController.swift in Sources */,
				98BC2B4B2C23A81900804C52 /* AppDelegate.swift in Sources */,
				98BC2B4D2C23A81900804C52 /* SceneDelegate.swift in Sources */,
			);
			runOnlyForDeploymentPostprocessing = 0;
		};
/* End PBXSourcesBuildPhase section */

/* Begin PBXVariantGroup section */
		98BC2B502C23A81900804C52 /* Main.storyboard */ = {
			isa = PBXVariantGroup;
			children = (
				98BC2B512C23A81900804C52 /* Base */,
			);
			name = Main.storyboard;
			sourceTree = "<group>";
		};
		98BC2B552C23A81A00804C52 /* LaunchScreen.storyboard */ = {
			isa = PBXVariantGroup;
			children = (
				98BC2B562C23A81A00804C52 /* Base */,
			);
			name = LaunchScreen.storyboard;
			sourceTree = "<group>";
		};
/* End PBXVariantGroup section */

/* Begin XCBuildConfiguration section */
		98BC2B592C23A81A00804C52 /* Debug */ = {
			isa = XCBuildConfiguration;
			buildSettings = {
				ALWAYS_SEARCH_USER_PATHS = NO;
				CLANG_ANALYZER_NONNULL = YES;
				CLANG_ANALYZER_NUMBER_OBJECT_CONVERSION = YES_AGGRESSIVE;
				CLANG_CXX_LANGUAGE_STANDARD = "gnu++17";
				CLANG_CXX_LIBRARY = "libc++";
				CLANG_ENABLE_MODULES = YES;
				CLANG_ENABLE_OBJC_ARC = YES;
				CLANG_ENABLE_OBJC_WEAK = YES;
				CLANG_WARN_BLOCK_CAPTURE_AUTORELEASING = YES;
				CLANG_WARN_BOOL_CONVERSION = YES;
				CLANG_WARN_COMMA = YES;
				CLANG_WARN_CONSTANT_CONVERSION = YES;
				CLANG_WARN_DEPRECATED_OBJC_IMPLEMENTATIONS = YES;
				CLANG_WARN_DIRECT_OBJC_ISA_USAGE = YES_ERROR;
				CLANG_WARN_DOCUMENTATION_COMMENTS = YES;
				CLANG_WARN_EMPTY_BODY = YES;
				CLANG_WARN_ENUM_CONVERSION = YES;
				CLANG_WARN_INFINITE_RECURSION = YES;
				CLANG_WARN_INT_CONVERSION = YES;
				CLANG_WARN_NON_LITERAL_NULL_CONVERSION = YES;
				CLANG_WARN_OBJC_IMPLICIT_RETAIN_SELF = YES;
				CLANG_WARN_OBJC_LITERAL_CONVERSION = YES;
				CLANG_WARN_OBJC_ROOT_CLASS = YES_ERROR;
				CLANG_WARN_QUOTED_INCLUDE_IN_FRAMEWORK_HEADER = YES;
				CLANG_WARN_RANGE_LOOP_ANALYSIS = YES;
				CLANG_WARN_STRICT_PROTOTYPES = YES;
				CLANG_WARN_SUSPICIOUS_MOVE = YES;
				CLANG_WARN_UNGUARDED_AVAILABILITY = YES_AGGRESSIVE;
				CLANG_WARN_UNREACHABLE_CODE = YES;
				CLANG_WARN__DUPLICATE_METHOD_MATCH = YES;
				COPY_PHASE_STRIP = NO;
				DEBUG_INFORMATION_FORMAT = dwarf;
				ENABLE_STRICT_OBJC_MSGSEND = YES;
				ENABLE_TESTABILITY = YES;
				GCC_C_LANGUAGE_STANDARD = gnu11;
				GCC_DYNAMIC_NO_PIC = NO;
				GCC_NO_COMMON_BLOCKS = YES;
				GCC_OPTIMIZATION_LEVEL = 0;
				GCC_PREPROCESSOR_DEFINITIONS = (
					"DEBUG=1",
					"$(inherited)",
				);
				GCC_WARN_64_TO_32_BIT_CONVERSION = YES;
				GCC_WARN_ABOUT_RETURN_TYPE = YES_ERROR;
				GCC_WARN_UNDECLARED_SELECTOR = YES;
				GCC_WARN_UNINITIALIZED_AUTOS = YES_AGGRESSIVE;
				GCC_WARN_UNUSED_FUNCTION = YES;
				GCC_WARN_UNUSED_VARIABLE = YES;
				IPHONEOS_DEPLOYMENT_TARGET = 15.2;
				MTL_ENABLE_DEBUG_INFO = INCLUDE_SOURCE;
				MTL_FAST_MATH = YES;
				ONLY_ACTIVE_ARCH = YES;
				SDKROOT = iphoneos;
				SWIFT_ACTIVE_COMPILATION_CONDITIONS = DEBUG;
				SWIFT_OPTIMIZATION_LEVEL = "-Onone";
			};
			name = Debug;
		};
		98BC2B5A2C23A81A00804C52 /* Release */ = {
			isa = XCBuildConfiguration;
			buildSettings = {
				ALWAYS_SEARCH_USER_PATHS = NO;
				CLANG_ANALYZER_NONNULL = YES;
				CLANG_ANALYZER_NUMBER_OBJECT_CONVERSION = YES_AGGRESSIVE;
				CLANG_CXX_LANGUAGE_STANDARD = "gnu++17";
				CLANG_CXX_LIBRARY = "libc++";
				CLANG_ENABLE_MODULES = YES;
				CLANG_ENABLE_OBJC_ARC = YES;
				CLANG_ENABLE_OBJC_WEAK = YES;
				CLANG_WARN_BLOCK_CAPTURE_AUTORELEASING = YES;
				CLANG_WARN_BOOL_CONVERSION = YES;
				CLANG_WARN_COMMA = YES;
				CLANG_WARN_CONSTANT_CONVERSION = YES;
				CLANG_WARN_DEPRECATED_OBJC_IMPLEMENTATIONS = YES;
				CLANG_WARN_DIRECT_OBJC_ISA_USAGE = YES_ERROR;
				CLANG_WARN_DOCUMENTATION_COMMENTS = YES;
				CLANG_WARN_EMPTY_BODY = YES;
				CLANG_WARN_ENUM_CONVERSION = YES;
				CLANG_WARN_INFINITE_RECURSION = YES;
				CLANG_WARN_INT_CONVERSION = YES;
				CLANG_WARN_NON_LITERAL_NULL_CONVERSION = YES;
				CLANG_WARN_OBJC_IMPLICIT_RETAIN_SELF = YES;
				CLANG_WARN_OBJC_LITERAL_CONVERSION = YES;
				CLANG_WARN_OBJC_ROOT_CLASS = YES_ERROR;
				CLANG_WARN_QUOTED_INCLUDE_IN_FRAMEWORK_HEADER = YES;
				CLANG_WARN_RANGE_LOOP_ANALYSIS = YES;
				CLANG_WARN_STRICT_PROTOTYPES = YES;
				CLANG_WARN_SUSPICIOUS_MOVE = YES;
				CLANG_WARN_UNGUARDED_AVAILABILITY = YES_AGGRESSIVE;
				CLANG_WARN_UNREACHABLE_CODE = YES;
				CLANG_WARN__DUPLICATE_METHOD_MATCH = YES;
				COPY_PHASE_STRIP = NO;
				DEBUG_INFORMATION_FORMAT = "dwarf-with-dsym";
				ENABLE_NS_ASSERTIONS = NO;
				ENABLE_STRICT_OBJC_MSGSEND = YES;
				GCC_C_LANGUAGE_STANDARD = gnu11;
				GCC_NO_COMMON_BLOCKS = YES;
				GCC_WARN_64_TO_32_BIT_CONVERSION = YES;
				GCC_WARN_ABOUT_RETURN_TYPE = YES_ERROR;
				GCC_WARN_UNDECLARED_SELECTOR = YES;
				GCC_WARN_UNINITIALIZED_AUTOS = YES_AGGRESSIVE;
				GCC_WARN_UNUSED_FUNCTION = YES;
				GCC_WARN_UNUSED_VARIABLE = YES;
				IPHONEOS_DEPLOYMENT_TARGET = 15.2;
				MTL_ENABLE_DEBUG_INFO = NO;
				MTL_FAST_MATH = YES;
				SDKROOT = iphoneos;
				SWIFT_COMPILATION_MODE = wholemodule;
				SWIFT_OPTIMIZATION_LEVEL = "-O";
				VALIDATE_PRODUCT = YES;
			};
			name = Release;
		};
		98BC2B5C2C23A81A00804C52 /* Debug */ = {
			isa = XCBuildConfiguration;
			baseConfigurationReference = 0A23731B6AB12E327FD6CE4C /* Pods-GitFeed-RxSwift.debug.xcconfig */;
			buildSettings = {
				ASSETCATALOG_COMPILER_APPICON_NAME = AppIcon;
				ASSETCATALOG_COMPILER_GLOBAL_ACCENT_COLOR_NAME = AccentColor;
				CODE_SIGN_STYLE = Automatic;
				CURRENT_PROJECT_VERSION = 1;
				GENERATE_INFOPLIST_FILE = YES;
				INFOPLIST_FILE = "GitFeed-RxSwift/Info.plist";
				INFOPLIST_KEY_UIApplicationSupportsIndirectInputEvents = YES;
				INFOPLIST_KEY_UILaunchStoryboardName = LaunchScreen;
				INFOPLIST_KEY_UIMainStoryboardFile = Main;
				INFOPLIST_KEY_UISupportedInterfaceOrientations_iPad = "UIInterfaceOrientationPortrait UIInterfaceOrientationPortraitUpsideDown UIInterfaceOrientationLandscapeLeft UIInterfaceOrientationLandscapeRight";
				INFOPLIST_KEY_UISupportedInterfaceOrientations_iPhone = "UIInterfaceOrientationPortrait UIInterfaceOrientationLandscapeLeft UIInterfaceOrientationLandscapeRight";
				LD_RUNPATH_SEARCH_PATHS = (
					"$(inherited)",
					"@executable_path/Frameworks",
				);
				MARKETING_VERSION = 1.0;
				PRODUCT_BUNDLE_IDENTIFIER = "com.justin.GitFeed-RxSwift";
				PRODUCT_NAME = "$(TARGET_NAME)";
				SWIFT_EMIT_LOC_STRINGS = YES;
				SWIFT_VERSION = 5.0;
				TARGETED_DEVICE_FAMILY = "1,2";
			};
			name = Debug;
		};
		98BC2B5D2C23A81A00804C52 /* Release */ = {
			isa = XCBuildConfiguration;
			baseConfigurationReference = 88F3BE850D3927D1F715567D /* Pods-GitFeed-RxSwift.release.xcconfig */;
			buildSettings = {
				ASSETCATALOG_COMPILER_APPICON_NAME = AppIcon;
				ASSETCATALOG_COMPILER_GLOBAL_ACCENT_COLOR_NAME = AccentColor;
				CODE_SIGN_STYLE = Automatic;
				CURRENT_PROJECT_VERSION = 1;
				GENERATE_INFOPLIST_FILE = YES;
				INFOPLIST_FILE = "GitFeed-RxSwift/Info.plist";
				INFOPLIST_KEY_UIApplicationSupportsIndirectInputEvents = YES;
				INFOPLIST_KEY_UILaunchStoryboardName = LaunchScreen;
				INFOPLIST_KEY_UIMainStoryboardFile = Main;
				INFOPLIST_KEY_UISupportedInterfaceOrientations_iPad = "UIInterfaceOrientationPortrait UIInterfaceOrientationPortraitUpsideDown UIInterfaceOrientationLandscapeLeft UIInterfaceOrientationLandscapeRight";
				INFOPLIST_KEY_UISupportedInterfaceOrientations_iPhone = "UIInterfaceOrientationPortrait UIInterfaceOrientationLandscapeLeft UIInterfaceOrientationLandscapeRight";
				LD_RUNPATH_SEARCH_PATHS = (
					"$(inherited)",
					"@executable_path/Frameworks",
				);
				MARKETING_VERSION = 1.0;
				PRODUCT_BUNDLE_IDENTIFIER = "com.justin.GitFeed-RxSwift";
				PRODUCT_NAME = "$(TARGET_NAME)";
				SWIFT_EMIT_LOC_STRINGS = YES;
				SWIFT_VERSION = 5.0;
				TARGETED_DEVICE_FAMILY = "1,2";
			};
			name = Release;
		};
/* End XCBuildConfiguration section */

/* Begin XCConfigurationList section */
		98BC2B422C23A81900804C52 /* Build configuration list for PBXProject "GitFeed-RxSwift" */ = {
			isa = XCConfigurationList;
			buildConfigurations = (
				98BC2B592C23A81A00804C52 /* Debug */,
				98BC2B5A2C23A81A00804C52 /* Release */,
			);
			defaultConfigurationIsVisible = 0;
			defaultConfigurationName = Release;
		};
		98BC2B5B2C23A81A00804C52 /* Build configuration list for PBXNativeTarget "GitFeed-RxSwift" */ = {
			isa = XCConfigurationList;
			buildConfigurations = (
				98BC2B5C2C23A81A00804C52 /* Debug */,
				98BC2B5D2C23A81A00804C52 /* Release */,
			);
			defaultConfigurationIsVisible = 0;
			defaultConfigurationName = Release;
		};
/* End XCConfigurationList section */
	};
	rootObject = 98BC2B3F2C23A81900804C52 /* Project object */;
}
